
Microsoft Visual Studio Solution File, Format Version 12.00
# Visual Studio Version 17
VisualStudioVersion = 17.0.32014.148
MinimumVisualStudioVersion = 10.0.40219.1
Project("{FAE04EC0-301F-11D3-BF4B-00C04F79EFBC}") = "Brojevi do 1", "Brojevi do 1\Brojevi do 1.csproj", "{2397A73F-3441-4F35-84CE-72627EFECD22}"
EndProject
Global
	GlobalSection(SolutionConfigurationPlatforms) = preSolution
		Debug|Any CPU = Debug|Any CPU
		Release|Any CPU = Release|Any CPU
	EndGlobalSection
	GlobalSection(ProjectConfigurationPlatforms) = postSolution
		{2397A73F-3441-4F35-84CE-72627EFECD22}.Debug|Any CPU.ActiveCfg = Debug|Any CPU
		{2397A73F-3441-4F35-84CE-72627EFECD22}.Debug|Any CPU.Build.0 = Debug|Any CPU
		{2397A73F-3441-4F35-84CE-72627EFECD22}.Release|Any CPU.ActiveCfg = Release|Any CPU
		{2397A73F-3441-4F35-84CE-72627EFECD22}.Release|Any CPU.Build.0 = Release|Any CPU
	EndGlobalSection
	GlobalSection(SolutionProperties) = preSolution
		HideSolutionNode = FALSE
	EndGlobalSection
	GlobalSection(ExtensibilityGlobals) = postSolution
		SolutionGuid = {E91300C1-D469-4829-924F-A814830AF08C}
	EndGlobalSection
EndGlobal
